
Microsoft Visual Studio Solution File, Format Version 12.00
# Visual Studio Version 17
VisualStudioVersion = 17.8.34511.84
MinimumVisualStudioVersion = 10.0.40219.1
Project("{FAE04EC0-301F-11D3-BF4B-00C04F79EFBC}") = "Szamrendszerek", "Szamrendszerek.csproj", "{96541F06-6D01-4535-9F5F-F202E0797F41}"
EndProject
Project("{2150E333-8FDC-42A3-9474-1A3956D46DE8}") = "Solution Items", "Solution Items", "{3AAE556B-4DBB-4FEC-93D7-1906130BC337}"
	ProjectSection(SolutionItems) = preProject
		.gitignore = .gitignore
	EndProjectSection
EndProject
Global
	GlobalSection(SolutionConfigurationPlatforms) = preSolution
		Debug|Any CPU = Debug|Any CPU
		Release|Any CPU = Release|Any CPU
	EndGlobalSection
	GlobalSection(ProjectConfigurationPlatforms) = postSolution
		{96541F06-6D01-4535-9F5F-F202E0797F41}.Debug|Any CPU.ActiveCfg = Debug|Any CPU
		{96541F06-6D01-4535-9F5F-F202E0797F41}.Debug|Any CPU.Build.0 = Debug|Any CPU
		{96541F06-6D01-4535-9F5F-F202E0797F41}.Release|Any CPU.ActiveCfg = Release|Any CPU
		{96541F06-6D01-4535-9F5F-F202E0797F41}.Release|Any CPU.Build.0 = Release|Any CPU
	EndGlobalSection
	GlobalSection(SolutionProperties) = preSolution
		HideSolutionNode = FALSE
	EndGlobalSection
	GlobalSection(ExtensibilityGlobals) = postSolution
		SolutionGuid = {793556E6-55EF-474B-95C5-5C2F2D89FCA5}
	EndGlobalSection
EndGlobal
